Microsoft Visual Studio Solution File, Format Version 10.00
# Visual Studio 2008
Project("{8BC9CEB8-8B4A-11D0-8D11-00A0C91BC942}") = "socket", "socket.vcproj", "{66E3CE14-884D-4AEA-9F20-15A0BEAF8C5A}"
EndProject
Project("{8BC9CEB8-8B4A-11D0-8D11-00A0C91BC942}") = "mime", "mime.vcproj", "{128E8BD0-174A-48F0-8771-92B1E8D18713}"
EndProject
Global
	GlobalSection(SolutionConfigurationPlatforms) = preSolution
		Debug|Win32 = Debug|Win32
		Release|Win32 = Release|Win32
	EndGlobalSection
	GlobalSection(ProjectConfigurationPlatforms) = postSolution
		{66E3CE14-884D-4AEA-9F20-15A0BEAF8C5A}.Debug|Win32.ActiveCfg = Debug|Win32
		{66E3CE14-884D-4AEA-9F20-15A0BEAF8C5A}.Debug|Win32.Build.0 = Debug|Win32
		{66E3CE14-884D-4AEA-9F20-15A0BEAF8C5A}.Release|Win32.ActiveCfg = Release|Win32
		{66E3CE14-884D-4AEA-9F20-15A0BEAF8C5A}.Release|Win32.Build.0 = Release|Win32
		{128E8BD0-174A-48F0-8771-92B1E8D18713}.Debug|Win32.ActiveCfg = Debug|Win32
		{128E8BD0-174A-48F0-8771-92B1E8D18713}.Debug|Win32.Build.0 = Debug|Win32
		{128E8BD0-174A-48F0-8771-92B1E8D18713}.Release|Win32.ActiveCfg = Release|Win32
		{128E8BD0-174A-48F0-8771-92B1E8D18713}.Release|Win32.Build.0 = Release|Win32
	EndGlobalSection
	GlobalSection(SolutionProperties) = preSolution
		HideSolutionNode = FALSE
	EndGlobalSection
EndGlobal
